
Microsoft Visual Studio Solution File, Format Version 12.00
# Visual Studio 15
VisualStudioVersion = 15.0.27130.2027
MinimumVisualStudioVersion = 10.0.40219.1
Project("{FAE04EC0-301F-11D3-BF4B-00C04F79EFBC}") = "PartyInvites", "PartyInvites\PartyInvites.csproj", "{584202CD-FC79-4DD0-9B2D-4A77978DE237}"
EndProject
Global
	GlobalSection(SolutionConfigurationPlatforms) = preSolution
		Debug|Any CPU = Debug|Any CPU
		Release|Any CPU = Release|Any CPU
	EndGlobalSection
	GlobalSection(ProjectConfigurationPlatforms) = postSolution
		{584202CD-FC79-4DD0-9B2D-4A77978DE237}.Debug|Any CPU.ActiveCfg = Debug|Any CPU
		{584202CD-FC79-4DD0-9B2D-4A77978DE237}.Debug|Any CPU.Build.0 = Debug|Any CPU
		{584202CD-FC79-4DD0-9B2D-4A77978DE237}.Release|Any CPU.ActiveCfg = Release|Any CPU
		{584202CD-FC79-4DD0-9B2D-4A77978DE237}.Release|Any CPU.Build.0 = Release|Any CPU
	EndGlobalSection
	GlobalSection(SolutionProperties) = preSolution
		HideSolutionNode = FALSE
	EndGlobalSection
	GlobalSection(ExtensibilityGlobals) = postSolution
		SolutionGuid = {DBE9F3DF-F482-4C26-9EB6-68280CAB82E6}
	EndGlobalSection
EndGlobal
